// !$*UTF8*$!
{
	archiveVersion = 1;
	classes = {
	};
	objectVersion = 55;
	objects = {

/* Begin PBXBuildFile section */
		E7CA15AA27B5A7CD00DB4F19 /* AppDelegate.swift in Sources */ = {isa = PBXBuildFile; fileRef = E7CA15A927B5A7CD00DB4F19 /* AppDelegate.swift */; };
		E7CA15AC27B5A7CD00DB4F19 /* SceneDelegate.swift in Sources */ = {isa = PBXBuildFile; fileRef = E7CA15AB27B5A7CD00DB4F19 /* SceneDelegate.swift */; };
		E7CA15AE27B5A7CD00DB4F19 /* ViewController.swift in Sources */ = {isa = PBXBuildFile; fileRef = E7CA15AD27B5A7CD00DB4F19 /* ViewController.swift */; };
		E7CA15B127B5A7CD00DB4F19 /* Main.storyboard in Resources */ = {isa = PBXBuildFile; fileRef = E7CA15AF27B5A7CD00DB4F19 /* Main.storyboard */; };
		E7CA15B327B5A7CE00DB4F19 /* Assets.xcassets in Resources */ = {isa = PBXBuildFile; fileRef = E7CA15B227B5A7CE00DB4F19 /* Assets.xcassets */; };
		E7CA15B627B5A7CE00DB4F19 /* LaunchScreen.storyboard in Resources */ = {isa = PBXBuildFile; fileRef = E7CA15B427B5A7CE00DB4F19 /* LaunchScreen.storyboard */; };
		E7CA15C127B5A7CE00DB4F19 /* I_am_Poor_AppTests.swift in Sources */ = {isa = PBXBuildFile; fileRef = E7CA15C027B5A7CE00DB4F19 /* I_am_Poor_AppTests.swift */; };
		E7CA15CB27B5A7CF00DB4F19 /* I_am_Poor_AppUITests.swift in Sources */ = {isa = PBXBuildFile; fileRef = E7CA15CA27B5A7CF00DB4F19 /* I_am_Poor_AppUITests.swift */; };
		E7CA15CD27B5A7CF00DB4F19 /* I_am_Poor_AppUITestsLaunchTests.swift in Sources */ = {isa = PBXBuildFile; fileRef = E7CA15CC27B5A7CF00DB4F19 /* I_am_Poor_AppUITestsLaunchTests.swift */; };
/* End PBXBuildFile section */

/* Begin PBXContainerItemProxy section */
		E7CA15BD27B5A7CE00DB4F19 /* PBXContainerItemProxy */ = {
			isa = PBXContainerItemProxy;
			containerPortal = E7CA159E27B5A7CD00DB4F19 /* Project object */;
			proxyType = 1;
			remoteGlobalIDString = E7CA15A527B5A7CD00DB4F19;
			remoteInfo = "I am Poor App";
		};
		E7CA15C727B5A7CF00DB4F19 /* PBXContainerItemProxy */ = {
			isa = PBXContainerItemProxy;
			containerPortal = E7CA159E27B5A7CD00DB4F19 /* Project object */;
			proxyType = 1;
			remoteGlobalIDString = E7CA15A527B5A7CD00DB4F19;
			remoteInfo = "I am Poor App";
		};
/* End PBXContainerItemProxy section */

/* Begin PBXFileReference section */
		E7CA15A627B5A7CD00DB4F19 /* I am Poor App.app */ = {isa = PBXFileReference; explicitFileType = wrapper.application; includeInIndex = 0; path = "I am Poor App.app"; sourceTree = BUILT_PRODUCTS_DIR; };
		E7CA15A927B5A7CD00DB4F19 /* AppDelegate.swift */ = {isa = PBXFileReference; lastKnownFileType = sourcecode.swift; path = AppDelegate.swift; sourceTree = "<group>"; };
		E7CA15AB27B5A7CD00DB4F19 /* SceneDelegate.swift */ = {isa = PBXFileReference; lastKnownFileType = sourcecode.swift; path = SceneDelegate.swift; sourceTree = "<group>"; };
		E7CA15AD27B5A7CD00DB4F19 /* ViewController.swift */ = {isa = PBXFileReference; lastKnownFileType = sourcecode.swift; path = ViewController.swift; sourceTree = "<group>"; };
		E7CA15B027B5A7CD00DB4F19 /* Base */ = {isa = PBXFileReference; lastKnownFileType = file.storyboard; name = Base; path = Base.lproj/Main.storyboard; sourceTree = "<group>"; };
		E7CA15B227B5A7CE00DB4F19 /* Assets.xcassets */ = {isa = PBXFileReference; lastKnownFileType = folder.assetcatalog; path = Assets.xcassets; sourceTree = "<group>"; };
		E7CA15B527B5A7CE00DB4F19 /* Base */ = {isa = PBXFileReference; lastKnownFileType = file.storyboard; name = Base; path = Base.lproj/LaunchScreen.storyboard; sourceTree = "<group>"; };
		E7CA15B727B5A7CE00DB4F19 /* Info.plist */ = {isa = PBXFileReference; lastKnownFileType = text.plist.xml; path = Info.plist; sourceTree = "<group>"; };
		E7CA15BC27B5A7CE00DB4F19 /* I am Poor AppTests.xctest */ = {isa = PBXFileReference; explicitFileType = wrapper.cfbundle; includeInIndex = 0; path = "I am Poor AppTests.xctest"; sourceTree = BUILT_PRODUCTS_DIR; };
		E7CA15C027B5A7CE00DB4F19 /* I_am_Poor_AppTests.swift */ = {isa = PBXFileReference; lastKnownFileType = sourcecode.swift; path = I_am_Poor_AppTests.swift; sourceTree = "<group>"; };
		E7CA15C627B5A7CF00DB4F19 /* I am Poor AppUITests.xctest */ = {isa = PBXFileReference; explicitFileType = wrapper.cfbundle; includeInIndex = 0; path = "I am Poor AppUITests.xctest"; sourceTree = BUILT_PRODUCTS_DIR; };
		E7CA15CA27B5A7CF00DB4F19 /* I_am_Poor_AppUITests.swift */ = {isa = PBXFileReference; lastKnownFileType = sourcecode.swift; path = I_am_Poor_AppUITests.swift; sourceTree = "<group>"; };
		E7CA15CC27B5A7CF00DB4F19 /* I_am_Poor_AppUITestsLaunchTests.swift */ = {isa = PBXFileReference; lastKnownFileType = sourcecode.swift; path = I_am_Poor_AppUITestsLaunchTests.swift; sourceTree = "<group>"; };
/* End PBXFileReference section */

/* Begin PBXFrameworksBuildPhase section */
		E7CA15A327B5A7CD00DB4F19 /* Frameworks */ = {
			isa = PBXFrameworksBuildPhase;
			buildActionMask = 2147483647;
			files = (
			);
			runOnlyForDeploymentPostprocessing = 0;
		};
		E7CA15B927B5A7CE00DB4F19 /* Frameworks */ = {
			isa = PBXFrameworksBuildPhase;
			buildActionMask = 2147483647;
			files = (
			);
			runOnlyForDeploymentPostprocessing = 0;
		};
		E7CA15C327B5A7CF00DB4F19 /* Frameworks */ = {
			isa = PBXFrameworksBuildPhase;
			buildActionMask = 2147483647;
			files = (
			);
			runOnlyForDeploymentPostprocessing = 0;
		};
/* End PBXFrameworksBuildPhase section */

/* Begin PBXGroup section */
		E7CA159D27B5A7CD00DB4F19 = {
			isa = PBXGroup;
			children = (
				E7CA15A827B5A7CD00DB4F19 /* I am Poor App */,
				E7CA15BF27B5A7CE00DB4F19 /* I am Poor AppTests */,
				E7CA15C927B5A7CF00DB4F19 /* I am Poor AppUITests */,
				E7CA15A727B5A7CD00DB4F19 /* Products */,
			);
			sourceTree = "<group>";
		};
		E7CA15A727B5A7CD00DB4F19 /* Products */ = {
			isa = PBXGroup;
			children = (
				E7CA15A627B5A7CD00DB4F19 /* I am Poor App.app */,
				E7CA15BC27B5A7CE00DB4F19 /* I am Poor AppTests.xctest */,
				E7CA15C627B5A7CF00DB4F19 /* I am Poor AppUITests.xctest */,
			);
			name = Products;
			sourceTree = "<group>";
		};
		E7CA15A827B5A7CD00DB4F19 /* I am Poor App */ = {
			isa = PBXGroup;
			children = (
				E7CA15A927B5A7CD00DB4F19 /* AppDelegate.swift */,
				E7CA15AB27B5A7CD00DB4F19 /* SceneDelegate.swift */,
				E7CA15AD27B5A7CD00DB4F19 /* ViewController.swift */,
				E7CA15AF27B5A7CD00DB4F19 /* Main.storyboard */,
				E7CA15B227B5A7CE00DB4F19 /* Assets.xcassets */,
				E7CA15B427B5A7CE00DB4F19 /* LaunchScreen.storyboard */,
				E7CA15B727B5A7CE00DB4F19 /* Info.plist */,
			);
			path = "I am Poor App";
			sourceTree = "<group>";
		};
		E7CA15BF27B5A7CE00DB4F19 /* I am Poor AppTests */ = {
			isa = PBXGroup;
			children = (
				E7CA15C027B5A7CE00DB4F19 /* I_am_Poor_AppTests.swift */,
			);
			path = "I am Poor AppTests";
			sourceTree = "<group>";
		};
		E7CA15C927B5A7CF00DB4F19 /* I am Poor AppUITests */ = {
			isa = PBXGroup;
			children = (
				E7CA15CA27B5A7CF00DB4F19 /* I_am_Poor_AppUITests.swift */,
				E7CA15CC27B5A7CF00DB4F19 /* I_am_Poor_AppUITestsLaunchTests.swift */,
			);
			path = "I am Poor AppUITests";
			sourceTree = "<group>";
		};
/* End PBXGroup section */

/* Begin PBXNativeTarget section */
		E7CA15A527B5A7CD00DB4F19 /* I am Poor App */ = {
			isa = PBXNativeTarget;
			buildConfigurationList = E7CA15D027B5A7CF00DB4F19 /* Build configuration list for PBXNativeTarget "I am Poor App" */;
			buildPhases = (
				E7CA15A227B5A7CD00DB4F19 /* Sources */,
				E7CA15A327B5A7CD00DB4F19 /* Frameworks */,
				E7CA15A427B5A7CD00DB4F19 /* Resources */,
			);
			buildRules = (
			);
			dependencies = (
			);
			name = "I am Poor App";
			productName = "I am Poor App";
			productReference = E7CA15A627B5A7CD00DB4F19 /* I am Poor App.app */;
			productType = "com.apple.product-type.application";
		};
		E7CA15BB27B5A7CE00DB4F19 /* I am Poor AppTests */ = {
			isa = PBXNativeTarget;
			buildConfigurationList = E7CA15D327B5A7CF00DB4F19 /* Build configuration list for PBXNativeTarget "I am Poor AppTests" */;
			buildPhases = (
				E7CA15B827B5A7CE00DB4F19 /* Sources */,
				E7CA15B927B5A7CE00DB4F19 /* Frameworks */,
				E7CA15BA27B5A7CE00DB4F19 /* Resources */,
			);
			buildRules = (
			);
			dependencies = (
				E7CA15BE27B5A7CE00DB4F19 /* PBXTargetDependency */,
			);
			name = "I am Poor AppTests";
			productName = "I am Poor AppTests";
			productReference = E7CA15BC27B5A7CE00DB4F19 /* I am Poor AppTests.xctest */;
			productType = "com.apple.product-type.bundle.unit-test";
		};
		E7CA15C527B5A7CF00DB4F19 /* I am Poor AppUITests */ = {
			isa = PBXNativeTarget;
			buildConfigurationList = E7CA15D627B5A7CF00DB4F19 /* Build configuration list for PBXNativeTarget "I am Poor AppUITests" */;
			buildPhases = (
				E7CA15C227B5A7CF00DB4F19 /* Sources */,
				E7CA15C327B5A7CF00DB4F19 /* Frameworks */,
				E7CA15C427B5A7CF00DB4F19 /* Resources */,
			);
			buildRules = (
			);
			dependencies = (
				E7CA15C827B5A7CF00DB4F19 /* PBXTargetDependency */,
			);
			name = "I am Poor AppUITests";
			productName = "I am Poor AppUITests";
			productReference = E7CA15C627B5A7CF00DB4F19 /* I am Poor AppUITests.xctest */;
			productType = "com.apple.product-type.bundle.ui-testing";
		};
/* End PBXNativeTarget section */

/* Begin PBXProject section */
		E7CA159E27B5A7CD00DB4F19 /* Project object */ = {
			isa = PBXProject;
			attributes = {
				BuildIndependentTargetsInParallel = 1;
				LastSwiftUpdateCheck = 1320;
				LastUpgradeCheck = 1320;
				TargetAttributes = {
					E7CA15A527B5A7CD00DB4F19 = {
						CreatedOnToolsVersion = 13.2.1;
					};
					E7CA15BB27B5A7CE00DB4F19 = {
						CreatedOnToolsVersion = 13.2.1;
						TestTargetID = E7CA15A527B5A7CD00DB4F19;
					};
					E7CA15C527B5A7CF00DB4F19 = {
						CreatedOnToolsVersion = 13.2.1;
						TestTargetID = E7CA15A527B5A7CD00DB4F19;
					};
				};
			};
			buildConfigurationList = E7CA15A127B5A7CD00DB4F19 /* Build configuration list for PBXProject "I am Poor App" */;
			compatibilityVersion = "Xcode 13.0";
			developmentRegion = en;
			hasScannedForEncodings = 0;
			knownRegions = (
				en,
				Base,
			);
			mainGroup = E7CA159D27B5A7CD00DB4F19;
			productRefGroup = E7CA15A727B5A7CD00DB4F19 /* Products */;
			projectDirPath = "";
			projectRoot = "";
			targets = (
				E7CA15A527B5A7CD00DB4F19 /* I am Poor App */,
				E7CA15BB27B5A7CE00DB4F19 /* I am Poor AppTests */,
				E7CA15C527B5A7CF00DB4F19 /* I am Poor AppUITests */,
			);
		};
/* End PBXProject section */

/* Begin PBXResourcesBuildPhase section */
		E7CA15A427B5A7CD00DB4F19 /* Resources */ = {
			isa = PBXResourcesBuildPhase;
			buildActionMask = 2147483647;
			files = (
				E7CA15B627B5A7CE00DB4F19 /* LaunchScreen.storyboard in Resources */,
				E7CA15B327B5A7CE00DB4F19 /* Assets.xcassets in Resources */,
				E7CA15B127B5A7CD00DB4F19 /* Main.storyboard in Resources */,
			);
			runOnlyForDeploymentPostprocessing = 0;
		};
		E7CA15BA27B5A7CE00DB4F19 /* Resources */ = {
			isa = PBXResourcesBuildPhase;
			buildActionMask = 2147483647;
			files = (
			);
			runOnlyForDeploymentPostprocessing = 0;
		};
		E7CA15C427B5A7CF00DB4F19 /* Resources */ = {
			isa = PBXResourcesBuildPhase;
			buildActionMask = 2147483647;
			files = (
			);
			runOnlyForDeploymentPostprocessing = 0;
		};
/* End PBXResourcesBuildPhase section */

/* Begin PBXSourcesBuildPhase section */
		E7CA15A227B5A7CD00DB4F19 /* Sources */ = {
			isa = PBXSourcesBuildPhase;
			buildActionMask = 2147483647;
			files = (
				E7CA15AE27B5A7CD00DB4F19 /* ViewController.swift in Sources */,
				E7CA15AA27B5A7CD00DB4F19 /* AppDelegate.swift in Sources */,
				E7CA15AC27B5A7CD00DB4F19 /* SceneDelegate.swift in Sources */,
			);
			runOnlyForDeploymentPostprocessing = 0;
		};
		E7CA15B827B5A7CE00DB4F19 /* Sources */ = {
			isa = PBXSourcesBuildPhase;
			buildActionMask = 2147483647;
			files = (
				E7CA15C127B5A7CE00DB4F19 /* I_am_Poor_AppTests.swift in Sources */,
			);
			runOnlyForDeploymentPostprocessing = 0;
		};
		E7CA15C227B5A7CF00DB4F19 /* Sources */ = {
			isa = PBXSourcesBuildPhase;
			buildActionMask = 2147483647;
			files = (
				E7CA15CD27B5A7CF00DB4F19 /* I_am_Poor_AppUITestsLaunchTests.swift in Sources */,
				E7CA15CB27B5A7CF00DB4F19 /* I_am_Poor_AppUITests.swift in Sources */,
			);
			runOnlyForDeploymentPostprocessing = 0;
		};
/* End PBXSourcesBuildPhase section */

/* Begin PBXTargetDependency section */
		E7CA15BE27B5A7CE00DB4F19 /* PBXTargetDependency */ = {
			isa = PBXTargetDependency;
			target = E7CA15A527B5A7CD00DB4F19 /* I am Poor App */;
			targetProxy = E7CA15BD27B5A7CE00DB4F19 /* PBXContainerItemProxy */;
		};
		E7CA15C827B5A7CF00DB4F19 /* PBXTargetDependency */ = {
			isa = PBXTargetDependency;
			target = E7CA15A527B5A7CD00DB4F19 /* I am Poor App */;
			targetProxy = E7CA15C727B5A7CF00DB4F19 /* PBXContainerItemProxy */;
		};
/* End PBXTargetDependency section */

/* Begin PBXVariantGroup section */
		E7CA15AF27B5A7CD00DB4F19 /* Main.storyboard */ = {
			isa = PBXVariantGroup;
			children = (
				E7CA15B027B5A7CD00DB4F19 /* Base */,
			);
			name = Main.storyboard;
			sourceTree = "<group>";
		};
		E7CA15B427B5A7CE00DB4F19 /* LaunchScreen.storyboard */ = {
			isa = PBXVariantGroup;
			children = (
				E7CA15B527B5A7CE00DB4F19 /* Base */,
			);
			name = LaunchScreen.storyboard;
			sourceTree = "<group>";
		};
/* End PBXVariantGroup section */

/* Begin XCBuildConfiguration section */
		E7CA15CE27B5A7CF00DB4F19 /* Debug */ = {
			isa = XCBuildConfiguration;
			buildSettings = {
				ALWAYS_SEARCH_USER_PATHS = NO;
				CLANG_ANALYZER_NONNULL = YES;
				CLANG_ANALYZER_NUMBER_OBJECT_CONVERSION = YES_AGGRESSIVE;
				CLANG_CXX_LANGUAGE_STANDARD = "gnu++17";
				CLANG_CXX_LIBRARY = "libc++";
				CLANG_ENABLE_MODULES = YES;
				CLANG_ENABLE_OBJC_ARC = YES;
				CLANG_ENABLE_OBJC_WEAK = YES;
				CLANG_WARN_BLOCK_CAPTURE_AUTORELEASING = YES;
				CLANG_WARN_BOOL_CONVERSION = YES;
				CLANG_WARN_COMMA = YES;
				CLANG_WARN_CONSTANT_CONVERSION = YES;
				CLANG_WARN_DEPRECATED_OBJC_IMPLEMENTATIONS = YES;
				CLANG_WARN_DIRECT_OBJC_ISA_USAGE = YES_ERROR;
				CLANG_WARN_DOCUMENTATION_COMMENTS = YES;
				CLANG_WARN_EMPTY_BODY = YES;
				CLANG_WARN_ENUM_CONVERSION = YES;
				CLANG_WARN_INFINITE_RECURSION = YES;
				CLANG_WARN_INT_CONVERSION = YES;
				CLANG_WARN_NON_LITERAL_NULL_CONVERSION = YES;
				CLANG_WARN_OBJC_IMPLICIT_RETAIN_SELF = YES;
				CLANG_WARN_OBJC_LITERAL_CONVERSION = YES;
				CLANG_WARN_OBJC_ROOT_CLASS = YES_ERROR;
				CLANG_WARN_QUOTED_INCLUDE_IN_FRAMEWORK_HEADER = YES;
				CLANG_WARN_RANGE_LOOP_ANALYSIS = YES;
				CLANG_WARN_STRICT_PROTOTYPES = YES;
				CLANG_WARN_SUSPICIOUS_MOVE = YES;
				CLANG_WARN_UNGUARDED_AVAILABILITY = YES_AGGRESSIVE;
				CLANG_WARN_UNREACHABLE_CODE = YES;
				CLANG_WARN__DUPLICATE_METHOD_MATCH = YES;
				COPY_PHASE_STRIP = NO;
				DEBUG_INFORMATION_FORMAT = dwarf;
				ENABLE_STRICT_OBJC_MSGSEND = YES;
				ENABLE_TESTABILITY = YES;
				GCC_C_LANGUAGE_STANDARD = gnu11;
				GCC_DYNAMIC_NO_PIC = NO;
				GCC_NO_COMMON_BLOCKS = YES;
				GCC_OPTIMIZATION_LEVEL = 0;
				GCC_PREPROCESSOR_DEFINITIONS = (
					"DEBUG=1",
					"$(inherited)",
				);
				GCC_WARN_64_TO_32_BIT_CONVERSION = YES;
				GCC_WARN_ABOUT_RETURN_TYPE = YES_ERROR;
				GCC_WARN_UNDECLARED_SELECTOR = YES;
				GCC_WARN_UNINITIALIZED_AUTOS = YES_AGGRESSIVE;
				GCC_WARN_UNUSED_FUNCTION = YES;
				GCC_WARN_UNUSED_VARIABLE = YES;
				IPHONEOS_DEPLOYMENT_TARGET = 15.2;
				MTL_ENABLE_DEBUG_INFO = INCLUDE_SOURCE;
				MTL_FAST_MATH = YES;
				ONLY_ACTIVE_ARCH = YES;
				SDKROOT = iphoneos;
				SWIFT_ACTIVE_COMPILATION_CONDITIONS = DEBUG;
				SWIFT_OPTIMIZATION_LEVEL = "-Onone";
			};
			name = Debug;
		};
		E7CA15CF27B5A7CF00DB4F19 /* Release */ = {
			isa = XCBuildConfiguration;
			buildSettings = {
				ALWAYS_SEARCH_USER_PATHS = NO;
				CLANG_ANALYZER_NONNULL = YES;
				CLANG_ANALYZER_NUMBER_OBJECT_CONVERSION = YES_AGGRESSIVE;
				CLANG_CXX_LANGUAGE_STANDARD = "gnu++17";
				CLANG_CXX_LIBRARY = "libc++";
				CLANG_ENABLE_MODULES = YES;
				CLANG_ENABLE_OBJC_ARC = YES;
				CLANG_ENABLE_OBJC_WEAK = YES;
				CLANG_WARN_BLOCK_CAPTURE_AUTORELEASING = YES;
				CLANG_WARN_BOOL_CONVERSION = YES;
				CLANG_WARN_COMMA = YES;
				CLANG_WARN_CONSTANT_CONVERSION = YES;
				CLANG_WARN_DEPRECATED_OBJC_IMPLEMENTATIONS = YES;
				CLANG_WARN_DIRECT_OBJC_ISA_USAGE = YES_ERROR;
				CLANG_WARN_DOCUMENTATION_COMMENTS = YES;
				CLANG_WARN_EMPTY_BODY = YES;
				CLANG_WARN_ENUM_CONVERSION = YES;
				CLANG_WARN_INFINITE_RECURSION = YES;
				CLANG_WARN_INT_CONVERSION = YES;
				CLANG_WARN_NON_LITERAL_NULL_CONVERSION = YES;
				CLANG_WARN_OBJC_IMPLICIT_RETAIN_SELF = YES;
				CLANG_WARN_OBJC_LITERAL_CONVERSION = YES;
				CLANG_WARN_OBJC_ROOT_CLASS = YES_ERROR;
				CLANG_WARN_QUOTED_INCLUDE_IN_FRAMEWORK_HEADER = YES;
				CLANG_WARN_RANGE_LOOP_ANALYSIS = YES;
				CLANG_WARN_STRICT_PROTOTYPES = YES;
				CLANG_WARN_SUSPICIOUS_MOVE = YES;
				CLANG_WARN_UNGUARDED_AVAILABILITY = YES_AGGRESSIVE;
				CLANG_WARN_UNREACHABLE_CODE = YES;
				CLANG_WARN__DUPLICATE_METHOD_MATCH = YES;
				COPY_PHASE_STRIP = NO;
				DEBUG_INFORMATION_FORMAT = "dwarf-with-dsym";
				ENABLE_NS_ASSERTIONS = NO;
				ENABLE_STRICT_OBJC_MSGSEND = YES;
				GCC_C_LANGUAGE_STANDARD = gnu11;
				GCC_NO_COMMON_BLOCKS = YES;
				GCC_WARN_64_TO_32_BIT_CONVERSION = YES;
				GCC_WARN_ABOUT_RETURN_TYPE = YES_ERROR;
				GCC_WARN_UNDECLARED_SELECTOR = YES;
				GCC_WARN_UNINITIALIZED_AUTOS = YES_AGGRESSIVE;
				GCC_WARN_UNUSED_FUNCTION = YES;
				GCC_WARN_UNUSED_VARIABLE = YES;
				IPHONEOS_DEPLOYMENT_TARGET = 15.2;
				MTL_ENABLE_DEBUG_INFO = NO;
				MTL_FAST_MATH = YES;
				SDKROOT = iphoneos;
				SWIFT_COMPILATION_MODE = wholemodule;
				SWIFT_OPTIMIZATION_LEVEL = "-O";
				VALIDATE_PRODUCT = YES;
			};
			name = Release;
		};
		E7CA15D127B5A7CF00DB4F19 /* Debug */ = {
			isa = XCBuildConfiguration;
			buildSettings = {
				ASSETCATALOG_COMPILER_APPICON_NAME = AppIcon;
				ASSETCATALOG_COMPILER_GLOBAL_ACCENT_COLOR_NAME = AccentColor;
				CODE_SIGN_STYLE = Automatic;
				CURRENT_PROJECT_VERSION = 1;
				DEVELOPMENT_TEAM = L36HJ4724Z;
				GENERATE_INFOPLIST_FILE = YES;
				INFOPLIST_FILE = "I am Poor App/Info.plist";
				INFOPLIST_KEY_UIApplicationSupportsIndirectInputEvents = YES;
				INFOPLIST_KEY_UILaunchStoryboardName = LaunchScreen;
				INFOPLIST_KEY_UIMainStoryboardFile = Main;
				INFOPLIST_KEY_UISupportedInterfaceOrientations = "UIInterfaceOrientationPortrait UIInterfaceOrientationLandscapeLeft UIInterfaceOrientationPortraitUpsideDown UIInterfaceOrientationLandscapeRight";
				INFOPLIST_KEY_UISupportedInterfaceOrientations_iPad = "UIInterfaceOrientationPortrait UIInterfaceOrientationPortraitUpsideDown UIInterfaceOrientationLandscapeLeft UIInterfaceOrientationLandscapeRight";
				INFOPLIST_KEY_UISupportedInterfaceOrientations_iPhone = "UIInterfaceOrientationPortrait UIInterfaceOrientationLandscapeLeft UIInterfaceOrientationLandscapeRight";
				LD_RUNPATH_SEARCH_PATHS = (
					"$(inherited)",
					"@executable_path/Frameworks",
				);
				MARKETING_VERSION = 1.0;
				PRODUCT_BUNDLE_IDENTIFIER = "com.DanielBracamontes.I-am-Poor-App";
				PRODUCT_NAME = "$(TARGET_NAME)";
				SWIFT_EMIT_LOC_STRINGS = YES;
				SWIFT_VERSION = 5.0;
				TARGETED_DEVICE_FAMILY = "1,2";
			};
			name = Debug;
		};
		E7CA15D227B5A7CF00DB4F19 /* Release */ = {
			isa = XCBuildConfiguration;
			buildSettings = {
				ASSETCATALOG_COMPILER_APPICON_NAME = AppIcon;
				ASSETCATALOG_COMPILER_GLOBAL_ACCENT_COLOR_NAME = AccentColor;
				CODE_SIGN_STYLE = Automatic;
				CURRENT_PROJECT_VERSION = 1;
				DEVELOPMENT_TEAM = L36HJ4724Z;
				GENERATE_INFOPLIST_FILE = YES;
				INFOPLIST_FILE = "I am Poor App/Info.plist";
				INFOPLIST_KEY_UIApplicationSupportsIndirectInputEvents = YES;
				INFOPLIST_KEY_UILaunchStoryboardName = LaunchScreen;
				INFOPLIST_KEY_UIMainStoryboardFile = Main;
				INFOPLIST_KEY_UISupportedInterfaceOrientations = "UIInterfaceOrientationPortrait UIInterfaceOrientationLandscapeLeft UIInterfaceOrientationPortraitUpsideDown UIInterfaceOrientationLandscapeRight";
				INFOPLIST_KEY_UISupportedInterfaceOrientations_iPad = "UIInterfaceOrientationPortrait UIInterfaceOrientationPortraitUpsideDown UIInterfaceOrientationLandscapeLeft UIInterfaceOrientationLandscapeRight";
				INFOPLIST_KEY_UISupportedInterfaceOrientations_iPhone = "UIInterfaceOrientationPortrait UIInterfaceOrientationLandscapeLeft UIInterfaceOrientationLandscapeRight";
				LD_RUNPATH_SEARCH_PATHS = (
					"$(inherited)",
					"@executable_path/Frameworks",
				);
				MARKETING_VERSION = 1.0;
				PRODUCT_BUNDLE_IDENTIFIER = "com.DanielBracamontes.I-am-Poor-App";
				PRODUCT_NAME = "$(TARGET_NAME)";
				SWIFT_EMIT_LOC_STRINGS = YES;
				SWIFT_VERSION = 5.0;
				TARGETED_DEVICE_FAMILY = "1,2";
			};
			name = Release;
		};
		E7CA15D427B5A7CF00DB4F19 /* Debug */ = {
			isa = XCBuildConfiguration;
			buildSettings = {
				ALWAYS_EMBED_SWIFT_STANDARD_LIBRARIES = YES;
				BUNDLE_LOADER = "$(TEST_HOST)";
				CODE_SIGN_STYLE = Automatic;
				CURRENT_PROJECT_VERSION = 1;
				DEVELOPMENT_TEAM = L36HJ4724Z;
				GENERATE_INFOPLIST_FILE = YES;
				IPHONEOS_DEPLOYMENT_TARGET = 15.2;
				MARKETING_VERSION = 1.0;
				PRODUCT_BUNDLE_IDENTIFIER = "com.DanielBracamontes.I-am-Poor-AppTests";
				PRODUCT_NAME = "$(TARGET_NAME)";
				SWIFT_EMIT_LOC_STRINGS = NO;
				SWIFT_VERSION = 5.0;
				TARGETED_DEVICE_FAMILY = "1,2";
				TEST_HOST = "$(BUILT_PRODUCTS_DIR)/I am Poor App.app/I am Poor App";
			};
			name = Debug;
		};
		E7CA15D527B5A7CF00DB4F19 /* Release */ = {
			isa = XCBuildConfiguration;
			buildSettings = {
				ALWAYS_EMBED_SWIFT_STANDARD_LIBRARIES = YES;
				BUNDLE_LOADER = "$(TEST_HOST)";
				CODE_SIGN_STYLE = Automatic;
				CURRENT_PROJECT_VERSION = 1;
				DEVELOPMENT_TEAM = L36HJ4724Z;
				GENERATE_INFOPLIST_FILE = YES;
				IPHONEOS_DEPLOYMENT_TARGET = 15.2;
				MARKETING_VERSION = 1.0;
				PRODUCT_BUNDLE_IDENTIFIER = "com.DanielBracamontes.I-am-Poor-AppTests";
				PRODUCT_NAME = "$(TARGET_NAME)";
				SWIFT_EMIT_LOC_STRINGS = NO;
				SWIFT_VERSION = 5.0;
				TARGETED_DEVICE_FAMILY = "1,2";
				TEST_HOST = "$(BUILT_PRODUCTS_DIR)/I am Poor App.app/I am Poor App";
			};
			name = Release;
		};
		E7CA15D727B5A7CF00DB4F19 /* Debug */ = {
			isa = XCBuildConfiguration;
			buildSettings = {
				ALWAYS_EMBED_SWIFT_STANDARD_LIBRARIES = YES;
				CODE_SIGN_STYLE = Automatic;
				CURRENT_PROJECT_VERSION = 1;
				DEVELOPMENT_TEAM = L36HJ4724Z;
				GENERATE_INFOPLIST_FILE = YES;
				MARKETING_VERSION = 1.0;
				PRODUCT_BUNDLE_IDENTIFIER = "com.DanielBracamontes.I-am-Poor-AppUITests";
				PRODUCT_NAME = "$(TARGET_NAME)";
				SWIFT_EMIT_LOC_STRINGS = NO;
				SWIFT_VERSION = 5.0;
				TARGETED_DEVICE_FAMILY = "1,2";
				TEST_TARGET_NAME = "I am Poor App";
			};
			name = Debug;
		};
		E7CA15D827B5A7CF00DB4F19 /* Release */ = {
			isa = XCBuildConfiguration;
			buildSettings = {
				ALWAYS_EMBED_SWIFT_STANDARD_LIBRARIES = YES;
				CODE_SIGN_STYLE = Automatic;
				CURRENT_PROJECT_VERSION = 1;
				DEVELOPMENT_TEAM = L36HJ4724Z;
				GENERATE_INFOPLIST_FILE = YES;
				MARKETING_VERSION = 1.0;
				PRODUCT_BUNDLE_IDENTIFIER = "com.DanielBracamontes.I-am-Poor-AppUITests";
				PRODUCT_NAME = "$(TARGET_NAME)";
				SWIFT_EMIT_LOC_STRINGS = NO;
				SWIFT_VERSION = 5.0;
				TARGETED_DEVICE_FAMILY = "1,2";
				TEST_TARGET_NAME = "I am Poor App";
			};
			name = Release;
		};
/* End XCBuildConfiguration section */

/* Begin XCConfigurationList section */
		E7CA15A127B5A7CD00DB4F19 /* Build configuration list for PBXProject "I am Poor App" */ = {
			isa = XCConfigurationList;
			buildConfigurations = (
				E7CA15CE27B5A7CF00DB4F19 /* Debug */,
				E7CA15CF27B5A7CF00DB4F19 /* Release */,
			);
			defaultConfigurationIsVisible = 0;
			defaultConfigurationName = Release;
		};
		E7CA15D027B5A7CF00DB4F19 /* Build configuration list for PBXNativeTarget "I am Poor App" */ = {
			isa = XCConfigurationList;
			buildConfigurations = (
				E7CA15D127B5A7CF00DB4F19 /* Debug */,
				E7CA15D227B5A7CF00DB4F19 /* Release */,
			);
			defaultConfigurationIsVisible = 0;
			defaultConfigurationName = Release;
		};
		E7CA15D327B5A7CF00DB4F19 /* Build configuration list for PBXNativeTarget "I am Poor AppTests" */ = {
			isa = XCConfigurationList;
			buildConfigurations = (
				E7CA15D427B5A7CF00DB4F19 /* Debug */,
				E7CA15D527B5A7CF00DB4F19 /* Release */,
			);
			defaultConfigurationIsVisible = 0;
			defaultConfigurationName = Release;
		};
		E7CA15D627B5A7CF00DB4F19 /* Build configuration list for PBXNativeTarget "I am Poor AppUITests" */ = {
			isa = XCConfigurationList;
			buildConfigurations = (
				E7CA15D727B5A7CF00DB4F19 /* Debug */,
				E7CA15D827B5A7CF00DB4F19 /* Release */,
			);
			defaultConfigurationIsVisible = 0;
			defaultConfigurationName = Release;
		};
/* End XCConfigurationList section */
	};
	rootObject = E7CA159E27B5A7CD00DB4F19 /* Project object */;
}
